
Microsoft Visual Studio Solution File, Format Version 12.00
# Visual Studio 15
VisualStudioVersion = 15.0.26124.0
MinimumVisualStudioVersion = 15.0.26124.0
Project("{FAE04EC0-301F-11D3-BF4B-00C04F79EFBC}") = "NCDSL", "NCDSL\NCDSL.csproj", "{BE2C847C-2A47-4A5D-8A14-E092CDA0CA29}"
EndProject
Project("{FAE04EC0-301F-11D3-BF4B-00C04F79EFBC}") = "TourApp", "TourApp\TourApp.csproj", "{D3447CD7-0F1D-44D7-B1C2-D81B555F55C3}"
EndProject
Global
	GlobalSection(SolutionConfigurationPlatforms) = preSolution
		Debug|Any CPU = Debug|Any CPU
		Debug|x64 = Debug|x64
		Debug|x86 = Debug|x86
		Release|Any CPU = Release|Any CPU
		Release|x64 = Release|x64
		Release|x86 = Release|x86
	EndGlobalSection
	GlobalSection(SolutionProperties) = preSolution
		HideSolutionNode = FALSE
	EndGlobalSection
	GlobalSection(ProjectConfigurationPlatforms) = postSolution
		{BE2C847C-2A47-4A5D-8A14-E092CDA0CA29}.Debug|Any CPU.ActiveCfg = Debug|Any CPU
		{BE2C847C-2A47-4A5D-8A14-E092CDA0CA29}.Debug|Any CPU.Build.0 = Debug|Any CPU
		{BE2C847C-2A47-4A5D-8A14-E092CDA0CA29}.Debug|x64.ActiveCfg = Debug|x64
		{BE2C847C-2A47-4A5D-8A14-E092CDA0CA29}.Debug|x64.Build.0 = Debug|x64
		{BE2C847C-2A47-4A5D-8A14-E092CDA0CA29}.Debug|x86.ActiveCfg = Debug|x86
		{BE2C847C-2A47-4A5D-8A14-E092CDA0CA29}.Debug|x86.Build.0 = Debug|x86
		{BE2C847C-2A47-4A5D-8A14-E092CDA0CA29}.Release|Any CPU.ActiveCfg = Release|Any CPU
		{BE2C847C-2A47-4A5D-8A14-E092CDA0CA29}.Release|Any CPU.Build.0 = Release|Any CPU
		{BE2C847C-2A47-4A5D-8A14-E092CDA0CA29}.Release|x64.ActiveCfg = Release|x64
		{BE2C847C-2A47-4A5D-8A14-E092CDA0CA29}.Release|x64.Build.0 = Release|x64
		{BE2C847C-2A47-4A5D-8A14-E092CDA0CA29}.Release|x86.ActiveCfg = Release|x86
		{BE2C847C-2A47-4A5D-8A14-E092CDA0CA29}.Release|x86.Build.0 = Release|x86
		{D3447CD7-0F1D-44D7-B1C2-D81B555F55C3}.Debug|Any CPU.ActiveCfg = Debug|Any CPU
		{D3447CD7-0F1D-44D7-B1C2-D81B555F55C3}.Debug|Any CPU.Build.0 = Debug|Any CPU
		{D3447CD7-0F1D-44D7-B1C2-D81B555F55C3}.Debug|x64.ActiveCfg = Debug|x64
		{D3447CD7-0F1D-44D7-B1C2-D81B555F55C3}.Debug|x64.Build.0 = Debug|x64
		{D3447CD7-0F1D-44D7-B1C2-D81B555F55C3}.Debug|x86.ActiveCfg = Debug|x86
		{D3447CD7-0F1D-44D7-B1C2-D81B555F55C3}.Debug|x86.Build.0 = Debug|x86
		{D3447CD7-0F1D-44D7-B1C2-D81B555F55C3}.Release|Any CPU.ActiveCfg = Release|Any CPU
		{D3447CD7-0F1D-44D7-B1C2-D81B555F55C3}.Release|Any CPU.Build.0 = Release|Any CPU
		{D3447CD7-0F1D-44D7-B1C2-D81B555F55C3}.Release|x64.ActiveCfg = Release|x64
		{D3447CD7-0F1D-44D7-B1C2-D81B555F55C3}.Release|x64.Build.0 = Release|x64
		{D3447CD7-0F1D-44D7-B1C2-D81B555F55C3}.Release|x86.ActiveCfg = Release|x86
		{D3447CD7-0F1D-44D7-B1C2-D81B555F55C3}.Release|x86.Build.0 = Release|x86
	EndGlobalSection
EndGlobal
